// !$*UTF8*$!
{
	archiveVersion = 1;
	classes = {
	};
	objectVersion = 46;
	objects = {

/* Begin PBXBuildFile section */
		85A82C93170C18B6008AD870 /* UIKit.framework in Frameworks */ = {isa = PBXBuildFile; fileRef = 85A82C92170C18B6008AD870 /* UIKit.framework */; };
		85A82C95170C18B6008AD870 /* Foundation.framework in Frameworks */ = {isa = PBXBuildFile; fileRef = 85A82C94170C18B6008AD870 /* Foundation.framework */; };
		85A82C97170C18B6008AD870 /* CoreGraphics.framework in Frameworks */ = {isa = PBXBuildFile; fileRef = 85A82C96170C18B6008AD870 /* CoreGraphics.framework */; };
		85A82C9D170C18B6008AD870 /* InfoPlist.strings in Resources */ = {isa = PBXBuildFile; fileRef = 85A82C9B170C18B6008AD870 /* InfoPlist.strings */; };
		85A82C9F170C18B6008AD870 /* main.m in Sources */ = {isa = PBXBuildFile; fileRef = 85A82C9E170C18B6008AD870 /* main.m */; };
		85A82CA3170C18B6008AD870 /* AppDelegate.m in Sources */ = {isa = PBXBuildFile; fileRef = 85A82CA2170C18B6008AD870 /* AppDelegate.m */; };
		85A82CA5170C18B6008AD870 /* Default.png in Resources */ = {isa = PBXBuildFile; fileRef = 85A82CA4170C18B6008AD870 /* Default.png */; };
		85A82CA7170C18B6008AD870 /* Default@2x.png in Resources */ = {isa = PBXBuildFile; fileRef = 85A82CA6170C18B6008AD870 /* Default@2x.png */; };
		85A82CA9170C18B6008AD870 /* Default-568h@2x.png in Resources */ = {isa = PBXBuildFile; fileRef = 85A82CA8170C18B6008AD870 /* Default-568h@2x.png */; };
		85A82CAC170C18B6008AD870 /* MainStoryboard_iPhone.storyboard in Resources */ = {isa = PBXBuildFile; fileRef = 85A82CAA170C18B6008AD870 /* MainStoryboard_iPhone.storyboard */; };
		85A82CAF170C18B6008AD870 /* MainStoryboard_iPad.storyboard in Resources */ = {isa = PBXBuildFile; fileRef = 85A82CAD170C18B6008AD870 /* MainStoryboard_iPad.storyboard */; };
		85A82CB2170C18B6008AD870 /* ViewController.m in Sources */ = {isa = PBXBuildFile; fileRef = 85A82CB1170C18B6008AD870 /* ViewController.m */; };
		85A82CBA170C18B6008AD870 /* SenTestingKit.framework in Frameworks */ = {isa = PBXBuildFile; fileRef = 85A82CB9170C18B6008AD870 /* SenTestingKit.framework */; };
		85A82CBB170C18B6008AD870 /* UIKit.framework in Frameworks */ = {isa = PBXBuildFile; fileRef = 85A82C92170C18B6008AD870 /* UIKit.framework */; };
		85A82CBC170C18B6008AD870 /* Foundation.framework in Frameworks */ = {isa = PBXBuildFile; fileRef = 85A82C94170C18B6008AD870 /* Foundation.framework */; };
		85A82CC4170C18B6008AD870 /* InfoPlist.strings in Resources */ = {isa = PBXBuildFile; fileRef = 85A82CC2170C18B6008AD870 /* InfoPlist.strings */; };
		85A82CC7170C18B6008AD870 /* MQTTLibTestTests.m in Sources */ = {isa = PBXBuildFile; fileRef = 85A82CC6170C18B6008AD870 /* MQTTLibTestTests.m */; };
		85A82CDA170C18DB008AD870 /* MQTTDecoder.m in Sources */ = {isa = PBXBuildFile; fileRef = 85A82CD1170C18DB008AD870 /* MQTTDecoder.m */; };
		85A82CDB170C18DB008AD870 /* MQTTEncoder.m in Sources */ = {isa = PBXBuildFile; fileRef = 85A82CD3170C18DB008AD870 /* MQTTEncoder.m */; };
		85A82CDC170C18DB008AD870 /* MQTTMessage.m in Sources */ = {isa = PBXBuildFile; fileRef = 85A82CD5170C18DB008AD870 /* MQTTMessage.m */; };
		85A82CDD170C18DB008AD870 /* MQTTSession.m in Sources */ = {isa = PBXBuildFile; fileRef = 85A82CD7170C18DB008AD870 /* MQTTSession.m */; };
		85A82CDE170C18DB008AD870 /* MQttTxFlow.m in Sources */ = {isa = PBXBuildFile; fileRef = 85A82CD9170C18DB008AD870 /* MQttTxFlow.m */; };
/* End PBXBuildFile section */

/* Begin PBXContainerItemProxy section */
		85A82CBD170C18B6008AD870 /* PBXContainerItemProxy */ = {
			isa = PBXContainerItemProxy;
			containerPortal = 85A82C87170C18B6008AD870 /* Project object */;
			proxyType = 1;
			remoteGlobalIDString = 85A82C8E170C18B6008AD870;
			remoteInfo = MQTTLibTest;
		};
/* End PBXContainerItemProxy section */

/* Begin PBXFileReference section */
		85A82C8F170C18B6008AD870 /* MQTTLibTest.app */ = {isa = PBXFileReference; explicitFileType = wrapper.application; includeInIndex = 0; path = MQTTLibTest.app; sourceTree = BUILT_PRODUCTS_DIR; };
		85A82C92170C18B6008AD870 /* UIKit.framework */ = {isa = PBXFileReference; lastKnownFileType = wrapper.framework; name = UIKit.framework; path = System/Library/Frameworks/UIKit.framework; sourceTree = SDKROOT; };
		85A82C94170C18B6008AD870 /* Foundation.framework */ = {isa = PBXFileReference; lastKnownFileType = wrapper.framework; name = Foundation.framework; path = System/Library/Frameworks/Foundation.framework; sourceTree = SDKROOT; };
		85A82C96170C18B6008AD870 /* CoreGraphics.framework */ = {isa = PBXFileReference; lastKnownFileType = wrapper.framework; name = CoreGraphics.framework; path = System/Library/Frameworks/CoreGraphics.framework; sourceTree = SDKROOT; };
		85A82C9A170C18B6008AD870 /* MQTTLibTest-Info.plist */ = {isa = PBXFileReference; lastKnownFileType = text.plist.xml; path = "MQTTLibTest-Info.plist"; sourceTree = "<group>"; };
		85A82C9C170C18B6008AD870 /* en */ = {isa = PBXFileReference; lastKnownFileType = text.plist.strings; name = en; path = en.lproj/InfoPlist.strings; sourceTree = "<group>"; };
		85A82C9E170C18B6008AD870 /* main.m */ = {isa = PBXFileReference; lastKnownFileType = sourcecode.c.objc; path = main.m; sourceTree = "<group>"; };
		85A82CA0170C18B6008AD870 /* MQTTLibTest-Prefix.pch */ = {isa = PBXFileReference; lastKnownFileType = sourcecode.c.h; path = "MQTTLibTest-Prefix.pch"; sourceTree = "<group>"; };
		85A82CA1170C18B6008AD870 /* AppDelegate.h */ = {isa = PBXFileReference; lastKnownFileType = sourcecode.c.h; path = AppDelegate.h; sourceTree = "<group>"; };
		85A82CA2170C18B6008AD870 /* AppDelegate.m */ = {isa = PBXFileReference; lastKnownFileType = sourcecode.c.objc; path = AppDelegate.m; sourceTree = "<group>"; };
		85A82CA4170C18B6008AD870 /* Default.png */ = {isa = PBXFileReference; lastKnownFileType = image.png; path = Default.png; sourceTree = "<group>"; };
		85A82CA6170C18B6008AD870 /* Default@2x.png */ = {isa = PBXFileReference; lastKnownFileType = image.png; path = "Default@2x.png"; sourceTree = "<group>"; };
		85A82CA8170C18B6008AD870 /* Default-568h@2x.png */ = {isa = PBXFileReference; lastKnownFileType = image.png; path = "Default-568h@2x.png"; sourceTree = "<group>"; };
		85A82CAB170C18B6008AD870 /* en */ = {isa = PBXFileReference; lastKnownFileType = file.storyboard; name = en; path = en.lproj/MainStoryboard_iPhone.storyboard; sourceTree = "<group>"; };
		85A82CAE170C18B6008AD870 /* en */ = {isa = PBXFileReference; lastKnownFileType = file.storyboard; name = en; path = en.lproj/MainStoryboard_iPad.storyboard; sourceTree = "<group>"; };
		85A82CB0170C18B6008AD870 /* ViewController.h */ = {isa = PBXFileReference; lastKnownFileType = sourcecode.c.h; path = ViewController.h; sourceTree = "<group>"; };
		85A82CB1170C18B6008AD870 /* ViewController.m */ = {isa = PBXFileReference; lastKnownFileType = sourcecode.c.objc; path = ViewController.m; sourceTree = "<group>"; };
		85A82CB8170C18B6008AD870 /* MQTTLibTestTests.octest */ = {isa = PBXFileReference; explicitFileType = wrapper.cfbundle; includeInIndex = 0; path = MQTTLibTestTests.octest; sourceTree = BUILT_PRODUCTS_DIR; };
		85A82CB9170C18B6008AD870 /* SenTestingKit.framework */ = {isa = PBXFileReference; lastKnownFileType = wrapper.framework; name = SenTestingKit.framework; path = Library/Frameworks/SenTestingKit.framework; sourceTree = DEVELOPER_DIR; };
		85A82CC1170C18B6008AD870 /* MQTTLibTestTests-Info.plist */ = {isa = PBXFileReference; lastKnownFileType = text.plist.xml; path = "MQTTLibTestTests-Info.plist"; sourceTree = "<group>"; };
		85A82CC3170C18B6008AD870 /* en */ = {isa = PBXFileReference; lastKnownFileType = text.plist.strings; name = en; path = en.lproj/InfoPlist.strings; sourceTree = "<group>"; };
		85A82CC5170C18B6008AD870 /* MQTTLibTestTests.h */ = {isa = PBXFileReference; lastKnownFileType = sourcecode.c.h; path = MQTTLibTestTests.h; sourceTree = "<group>"; };
		85A82CC6170C18B6008AD870 /* MQTTLibTestTests.m */ = {isa = PBXFileReference; lastKnownFileType = sourcecode.c.objc; path = MQTTLibTestTests.m; sourceTree = "<group>"; };
		85A82CD0170C18DB008AD870 /* MQTTDecoder.h */ = {isa = PBXFileReference; fileEncoding = 4; lastKnownFileType = sourcecode.c.h; name = MQTTDecoder.h; path = ../../src/MqttSDK/MQTTDecoder.h; sourceTree = "<group>"; };
		85A82CD1170C18DB008AD870 /* MQTTDecoder.m */ = {isa = PBXFileReference; fileEncoding = 4; lastKnownFileType = sourcecode.c.objc; name = MQTTDecoder.m; path = ../../src/MqttSDK/MQTTDecoder.m; sourceTree = "<group>"; };
		85A82CD2170C18DB008AD870 /* MQTTEncoder.h */ = {isa = PBXFileReference; fileEncoding = 4; lastKnownFileType = sourcecode.c.h; name = MQTTEncoder.h; path = ../../src/MqttSDK/MQTTEncoder.h; sourceTree = "<group>"; };
		85A82CD3170C18DB008AD870 /* MQTTEncoder.m */ = {isa = PBXFileReference; fileEncoding = 4; lastKnownFileType = sourcecode.c.objc; name = MQTTEncoder.m; path = ../../src/MqttSDK/MQTTEncoder.m; sourceTree = "<group>"; };
		85A82CD4170C18DB008AD870 /* MQTTMessage.h */ = {isa = PBXFileReference; fileEncoding = 4; lastKnownFileType = sourcecode.c.h; name = MQTTMessage.h; path = ../../src/MqttSDK/MQTTMessage.h; sourceTree = "<group>"; };
		85A82CD5170C18DB008AD870 /* MQTTMessage.m */ = {isa = PBXFileReference; fileEncoding = 4; lastKnownFileType = sourcecode.c.objc; name = MQTTMessage.m; path = ../../src/MqttSDK/MQTTMessage.m; sourceTree = "<group>"; };
		85A82CD6170C18DB008AD870 /* MQTTSession.h */ = {isa = PBXFileReference; fileEncoding = 4; lastKnownFileType = sourcecode.c.h; name = MQTTSession.h; path = ../../src/MqttSDK/MQTTSession.h; sourceTree = "<group>"; };
		85A82CD7170C18DB008AD870 /* MQTTSession.m */ = {isa = PBXFileReference; fileEncoding = 4; lastKnownFileType = sourcecode.c.objc; name = MQTTSession.m; path = ../../src/MqttSDK/MQTTSession.m; sourceTree = "<group>"; };
		85A82CD8170C18DB008AD870 /* MQttTxFlow.h */ = {isa = PBXFileReference; fileEncoding = 4; lastKnownFileType = sourcecode.c.h; name = MQttTxFlow.h; path = ../../src/MqttSDK/MQttTxFlow.h; sourceTree = "<group>"; };
		85A82CD9170C18DB008AD870 /* MQttTxFlow.m */ = {isa = PBXFileReference; fileEncoding = 4; lastKnownFileType = sourcecode.c.objc; name = MQttTxFlow.m; path = ../../src/MqttSDK/MQttTxFlow.m; sourceTree = "<group>"; };
/* End PBXFileReference section */

/* Begin PBXFrameworksBuildPhase section */
		85A82C8C170C18B6008AD870 /* Frameworks */ = {
			isa = PBXFrameworksBuildPhase;
			buildActionMask = 2147483647;
			files = (
				85A82C93170C18B6008AD870 /* UIKit.framework in Frameworks */,
				85A82C95170C18B6008AD870 /* Foundation.framework in Frameworks */,
				85A82C97170C18B6008AD870 /* CoreGraphics.framework in Frameworks */,
			);
			runOnlyForDeploymentPostprocessing = 0;
		};
		85A82CB4170C18B6008AD870 /* Frameworks */ = {
			isa = PBXFrameworksBuildPhase;
			buildActionMask = 2147483647;
			files = (
				85A82CBA170C18B6008AD870 /* SenTestingKit.framework in Frameworks */,
				85A82CBB170C18B6008AD870 /* UIKit.framework in Frameworks */,
				85A82CBC170C18B6008AD870 /* Foundation.framework in Frameworks */,
			);
			runOnlyForDeploymentPostprocessing = 0;
		};
/* End PBXFrameworksBuildPhase section */

/* Begin PBXGroup section */
		85A82C86170C18B6008AD870 = {
			isa = PBXGroup;
			children = (
				85A82CDF170C18E7008AD870 /* MQTTLib */,
				85A82C98170C18B6008AD870 /* MQTTLibTest */,
				85A82CBF170C18B6008AD870 /* MQTTLibTestTests */,
				85A82C91170C18B6008AD870 /* Frameworks */,
				85A82C90170C18B6008AD870 /* Products */,
			);
			sourceTree = "<group>";
		};
		85A82C90170C18B6008AD870 /* Products */ = {
			isa = PBXGroup;
			children = (
				85A82C8F170C18B6008AD870 /* MQTTLibTest.app */,
				85A82CB8170C18B6008AD870 /* MQTTLibTestTests.octest */,
			);
			name = Products;
			sourceTree = "<group>";
		};
		85A82C91170C18B6008AD870 /* Frameworks */ = {
			isa = PBXGroup;
			children = (
				85A82C92170C18B6008AD870 /* UIKit.framework */,
				85A82C94170C18B6008AD870 /* Foundation.framework */,
				85A82C96170C18B6008AD870 /* CoreGraphics.framework */,
				85A82CB9170C18B6008AD870 /* SenTestingKit.framework */,
			);
			name = Frameworks;
			sourceTree = "<group>";
		};
		85A82C98170C18B6008AD870 /* MQTTLibTest */ = {
			isa = PBXGroup;
			children = (
				85A82CA1170C18B6008AD870 /* AppDelegate.h */,
				85A82CA2170C18B6008AD870 /* AppDelegate.m */,
				85A82CAA170C18B6008AD870 /* MainStoryboard_iPhone.storyboard */,
				85A82CAD170C18B6008AD870 /* MainStoryboard_iPad.storyboard */,
				85A82CB0170C18B6008AD870 /* ViewController.h */,
				85A82CB1170C18B6008AD870 /* ViewController.m */,
				85A82C99170C18B6008AD870 /* Supporting Files */,
			);
			path = MQTTLibTest;
			sourceTree = "<group>";
		};
		85A82C99170C18B6008AD870 /* Supporting Files */ = {
			isa = PBXGroup;
			children = (
				85A82C9A170C18B6008AD870 /* MQTTLibTest-Info.plist */,
				85A82C9B170C18B6008AD870 /* InfoPlist.strings */,
				85A82C9E170C18B6008AD870 /* main.m */,
				85A82CA0170C18B6008AD870 /* MQTTLibTest-Prefix.pch */,
				85A82CA4170C18B6008AD870 /* Default.png */,
				85A82CA6170C18B6008AD870 /* Default@2x.png */,
				85A82CA8170C18B6008AD870 /* Default-568h@2x.png */,
			);
			name = "Supporting Files";
			sourceTree = "<group>";
		};
		85A82CBF170C18B6008AD870 /* MQTTLibTestTests */ = {
			isa = PBXGroup;
			children = (
				85A82CC5170C18B6008AD870 /* MQTTLibTestTests.h */,
				85A82CC6170C18B6008AD870 /* MQTTLibTestTests.m */,
				85A82CC0170C18B6008AD870 /* Supporting Files */,
			);
			path = MQTTLibTestTests;
			sourceTree = "<group>";
		};
		85A82CC0170C18B6008AD870 /* Supporting Files */ = {
			isa = PBXGroup;
			children = (
				85A82CC1170C18B6008AD870 /* MQTTLibTestTests-Info.plist */,
				85A82CC2170C18B6008AD870 /* InfoPlist.strings */,
			);
			name = "Supporting Files";
			sourceTree = "<group>";
		};
		85A82CDF170C18E7008AD870 /* MQTTLib */ = {
			isa = PBXGroup;
			children = (
				85A82CD0170C18DB008AD870 /* MQTTDecoder.h */,
				85A82CD1170C18DB008AD870 /* MQTTDecoder.m */,
				85A82CD2170C18DB008AD870 /* MQTTEncoder.h */,
				85A82CD3170C18DB008AD870 /* MQTTEncoder.m */,
				85A82CD4170C18DB008AD870 /* MQTTMessage.h */,
				85A82CD5170C18DB008AD870 /* MQTTMessage.m */,
				85A82CD6170C18DB008AD870 /* MQTTSession.h */,
				85A82CD7170C18DB008AD870 /* MQTTSession.m */,
				85A82CD8170C18DB008AD870 /* MQttTxFlow.h */,
				85A82CD9170C18DB008AD870 /* MQttTxFlow.m */,
			);
			name = MQTTLib;
			sourceTree = "<group>";
		};
/* End PBXGroup section */

/* Begin PBXNativeTarget section */
		85A82C8E170C18B6008AD870 /* MQTTLibTest */ = {
			isa = PBXNativeTarget;
			buildConfigurationList = 85A82CCA170C18B6008AD870 /* Build configuration list for PBXNativeTarget "MQTTLibTest" */;
			buildPhases = (
				85A82C8B170C18B6008AD870 /* Sources */,
				85A82C8C170C18B6008AD870 /* Frameworks */,
				85A82C8D170C18B6008AD870 /* Resources */,
			);
			buildRules = (
			);
			dependencies = (
			);
			name = MQTTLibTest;
			productName = MQTTLibTest;
			productReference = 85A82C8F170C18B6008AD870 /* MQTTLibTest.app */;
			productType = "com.apple.product-type.application";
		};
		85A82CB7170C18B6008AD870 /* MQTTLibTestTests */ = {
			isa = PBXNativeTarget;
			buildConfigurationList = 85A82CCD170C18B6008AD870 /* Build configuration list for PBXNativeTarget "MQTTLibTestTests" */;
			buildPhases = (
				85A82CB3170C18B6008AD870 /* Sources */,
				85A82CB4170C18B6008AD870 /* Frameworks */,
				85A82CB5170C18B6008AD870 /* Resources */,
				85A82CB6170C18B6008AD870 /* ShellScript */,
			);
			buildRules = (
			);
			dependencies = (
				85A82CBE170C18B6008AD870 /* PBXTargetDependency */,
			);
			name = MQTTLibTestTests;
			productName = MQTTLibTestTests;
			productReference = 85A82CB8170C18B6008AD870 /* MQTTLibTestTests.octest */;
			productType = "com.apple.product-type.bundle";
		};
/* End PBXNativeTarget section */

/* Begin PBXProject section */
		85A82C87170C18B6008AD870 /* Project object */ = {
			isa = PBXProject;
			attributes = {
				LastUpgradeCheck = 0460;
				ORGANIZATIONNAME = "Sergey Loshchilov";
			};
			buildConfigurationList = 85A82C8A170C18B6008AD870 /* Build configuration list for PBXProject "MQTTLibTest" */;
			compatibilityVersion = "Xcode 3.2";
			developmentRegion = English;
			hasScannedForEncodings = 0;
			knownRegions = (
				en,
			);
			mainGroup = 85A82C86170C18B6008AD870;
			productRefGroup = 85A82C90170C18B6008AD870 /* Products */;
			projectDirPath = "";
			projectRoot = "";
			targets = (
				85A82C8E170C18B6008AD870 /* MQTTLibTest */,
				85A82CB7170C18B6008AD870 /* MQTTLibTestTests */,
			);
		};
/* End PBXProject section */

/* Begin PBXResourcesBuildPhase section */
		85A82C8D170C18B6008AD870 /* Resources */ = {
			isa = PBXResourcesBuildPhase;
			buildActionMask = 2147483647;
			files = (
				85A82C9D170C18B6008AD870 /* InfoPlist.strings in Resources */,
				85A82CA5170C18B6008AD870 /* Default.png in Resources */,
				85A82CA7170C18B6008AD870 /* Default@2x.png in Resources */,
				85A82CA9170C18B6008AD870 /* Default-568h@2x.png in Resources */,
				85A82CAC170C18B6008AD870 /* MainStoryboard_iPhone.storyboard in Resources */,
				85A82CAF170C18B6008AD870 /* MainStoryboard_iPad.storyboard in Resources */,
			);
			runOnlyForDeploymentPostprocessing = 0;
		};
		85A82CB5170C18B6008AD870 /* Resources */ = {
			isa = PBXResourcesBuildPhase;
			buildActionMask = 2147483647;
			files = (
				85A82CC4170C18B6008AD870 /* InfoPlist.strings in Resources */,
			);
			runOnlyForDeploymentPostprocessing = 0;
		};
/* End PBXResourcesBuildPhase section */

/* Begin PBXShellScriptBuildPhase section */
		85A82CB6170C18B6008AD870 /* ShellScript */ = {
			isa = PBXShellScriptBuildPhase;
			buildActionMask = 2147483647;
			files = (
			);
			inputPaths = (
			);
			outputPaths = (
			);
			runOnlyForDeploymentPostprocessing = 0;
			shellPath = /bin/sh;
			shellScript = "# Run the unit tests in this test bundle.\n\"${SYSTEM_DEVELOPER_DIR}/Tools/RunUnitTests\"\n";
		};
/* End PBXShellScriptBuildPhase section */

/* Begin PBXSourcesBuildPhase section */
		85A82C8B170C18B6008AD870 /* Sources */ = {
			isa = PBXSourcesBuildPhase;
			buildActionMask = 2147483647;
			files = (
				85A82C9F170C18B6008AD870 /* main.m in Sources */,
				85A82CA3170C18B6008AD870 /* AppDelegate.m in Sources */,
				85A82CB2170C18B6008AD870 /* ViewController.m in Sources */,
				85A82CDA170C18DB008AD870 /* MQTTDecoder.m in Sources */,
				85A82CDB170C18DB008AD870 /* MQTTEncoder.m in Sources */,
				85A82CDC170C18DB008AD870 /* MQTTMessage.m in Sources */,
				85A82CDD170C18DB008AD870 /* MQTTSession.m in Sources */,
				85A82CDE170C18DB008AD870 /* MQttTxFlow.m in Sources */,
			);
			runOnlyForDeploymentPostprocessing = 0;
		};
		85A82CB3170C18B6008AD870 /* Sources */ = {
			isa = PBXSourcesBuildPhase;
			buildActionMask = 2147483647;
			files = (
				85A82CC7170C18B6008AD870 /* MQTTLibTestTests.m in Sources */,
			);
			runOnlyForDeploymentPostprocessing = 0;
		};
/* End PBXSourcesBuildPhase section */

/* Begin PBXTargetDependency section */
		85A82CBE170C18B6008AD870 /* PBXTargetDependency */ = {
			isa = PBXTargetDependency;
			target = 85A82C8E170C18B6008AD870 /* MQTTLibTest */;
			targetProxy = 85A82CBD170C18B6008AD870 /* PBXContainerItemProxy */;
		};
/* End PBXTargetDependency section */

/* Begin PBXVariantGroup section */
		85A82C9B170C18B6008AD870 /* InfoPlist.strings */ = {
			isa = PBXVariantGroup;
			children = (
				85A82C9C170C18B6008AD870 /* en */,
			);
			name = InfoPlist.strings;
			sourceTree = "<group>";
		};
		85A82CAA170C18B6008AD870 /* MainStoryboard_iPhone.storyboard */ = {
			isa = PBXVariantGroup;
			children = (
				85A82CAB170C18B6008AD870 /* en */,
			);
			name = MainStoryboard_iPhone.storyboard;
			sourceTree = "<group>";
		};
		85A82CAD170C18B6008AD870 /* MainStoryboard_iPad.storyboard */ = {
			isa = PBXVariantGroup;
			children = (
				85A82CAE170C18B6008AD870 /* en */,
			);
			name = MainStoryboard_iPad.storyboard;
			sourceTree = "<group>";
		};
		85A82CC2170C18B6008AD870 /* InfoPlist.strings */ = {
			isa = PBXVariantGroup;
			children = (
				85A82CC3170C18B6008AD870 /* en */,
			);
			name = InfoPlist.strings;
			sourceTree = "<group>";
		};
/* End PBXVariantGroup section */

/* Begin XCBuildConfiguration section */
		85A82CC8170C18B6008AD870 /* Debug */ = {
			isa = XCBuildConfiguration;
			buildSettings = {
				ALWAYS_SEARCH_USER_PATHS = NO;
				CLANG_CXX_LANGUAGE_STANDARD = "gnu++0x";
				CLANG_CXX_LIBRARY = "libc++";
				CLANG_ENABLE_OBJC_ARC = YES;
				CLANG_WARN_CONSTANT_CONVERSION = YES;
				CLANG_WARN_EMPTY_BODY = YES;
				CLANG_WARN_ENUM_CONVERSION = YES;
				CLANG_WARN_INT_CONVERSION = YES;
				CLANG_WARN__DUPLICATE_METHOD_MATCH = YES;
				"CODE_SIGN_IDENTITY[sdk=iphoneos*]" = "iPhone Developer";
				COPY_PHASE_STRIP = NO;
				GCC_C_LANGUAGE_STANDARD = gnu99;
				GCC_DYNAMIC_NO_PIC = NO;
				GCC_OPTIMIZATION_LEVEL = 0;
				GCC_PREPROCESSOR_DEFINITIONS = (
					"DEBUG=1",
					"$(inherited)",
				);
				GCC_SYMBOLS_PRIVATE_EXTERN = NO;
				GCC_WARN_ABOUT_RETURN_TYPE = YES;
				GCC_WARN_UNINITIALIZED_AUTOS = YES;
				GCC_WARN_UNUSED_VARIABLE = YES;
				IPHONEOS_DEPLOYMENT_TARGET = 6.1;
				ONLY_ACTIVE_ARCH = YES;
				SDKROOT = iphoneos;
				TARGETED_DEVICE_FAMILY = "1,2";
			};
			name = Debug;
		};
		85A82CC9170C18B6008AD870 /* Release */ = {
			isa = XCBuildConfiguration;
			buildSettings = {
				ALWAYS_SEARCH_USER_PATHS = NO;
				CLANG_CXX_LANGUAGE_STANDARD = "gnu++0x";
				CLANG_CXX_LIBRARY = "libc++";
				CLANG_ENABLE_OBJC_ARC = YES;
				CLANG_WARN_CONSTANT_CONVERSION = YES;
				CLANG_WARN_EMPTY_BODY = YES;
				CLANG_WARN_ENUM_CONVERSION = YES;
				CLANG_WARN_INT_CONVERSION = YES;
				CLANG_WARN__DUPLICATE_METHOD_MATCH = YES;
				"CODE_SIGN_IDENTITY[sdk=iphoneos*]" = "iPhone Developer";
				COPY_PHASE_STRIP = YES;
				GCC_C_LANGUAGE_STANDARD = gnu99;
				GCC_WARN_ABOUT_RETURN_TYPE = YES;
				GCC_WARN_UNINITIALIZED_AUTOS = YES;
				GCC_WARN_UNUSED_VARIABLE = YES;
				IPHONEOS_DEPLOYMENT_TARGET = 6.1;
				OTHER_CFLAGS = "-DNS_BLOCK_ASSERTIONS=1";
				SDKROOT = iphoneos;
				TARGETED_DEVICE_FAMILY = "1,2";
				VALIDATE_PRODUCT = YES;
			};
			name = Release;
		};
		85A82CCB170C18B6008AD870 /* Debug */ = {
			isa = XCBuildConfiguration;
			buildSettings = {
				GCC_PRECOMPILE_PREFIX_HEADER = YES;
				GCC_PREFIX_HEADER = "MQTTLibTest/MQTTLibTest-Prefix.pch";
				INFOPLIST_FILE = "MQTTLibTest/MQTTLibTest-Info.plist";
				IPHONEOS_DEPLOYMENT_TARGET = 6.0;
				PRODUCT_NAME = "$(TARGET_NAME)";
				WRAPPER_EXTENSION = app;
			};
			name = Debug;
		};
		85A82CCC170C18B6008AD870 /* Release */ = {
			isa = XCBuildConfiguration;
			buildSettings = {
				GCC_PRECOMPILE_PREFIX_HEADER = YES;
				GCC_PREFIX_HEADER = "MQTTLibTest/MQTTLibTest-Prefix.pch";
				INFOPLIST_FILE = "MQTTLibTest/MQTTLibTest-Info.plist";
				IPHONEOS_DEPLOYMENT_TARGET = 6.0;
				PRODUCT_NAME = "$(TARGET_NAME)";
				WRAPPER_EXTENSION = app;
			};
			name = Release;
		};
		85A82CCE170C18B6008AD870 /* Debug */ = {
			isa = XCBuildConfiguration;
			buildSettings = {
				BUNDLE_LOADER = "$(BUILT_PRODUCTS_DIR)/MQTTLibTest.app/MQTTLibTest";
				FRAMEWORK_SEARCH_PATHS = (
					"\"$(SDKROOT)/Developer/Library/Frameworks\"",
					"\"$(DEVELOPER_LIBRARY_DIR)/Frameworks\"",
				);
				GCC_PRECOMPILE_PREFIX_HEADER = YES;
				GCC_PREFIX_HEADER = "MQTTLibTest/MQTTLibTest-Prefix.pch";
				INFOPLIST_FILE = "MQTTLibTestTests/MQTTLibTestTests-Info.plist";
				PRODUCT_NAME = "$(TARGET_NAME)";
				TEST_HOST = "$(BUNDLE_LOADER)";
				WRAPPER_EXTENSION = octest;
			};
			name = Debug;
		};
		85A82CCF170C18B6008AD870 /* Release */ = {
			isa = XCBuildConfiguration;
			buildSettings = {
				BUNDLE_LOADER = "$(BUILT_PRODUCTS_DIR)/MQTTLibTest.app/MQTTLibTest";
				FRAMEWORK_SEARCH_PATHS = (
					"\"$(SDKROOT)/Developer/Library/Frameworks\"",
					"\"$(DEVELOPER_LIBRARY_DIR)/Frameworks\"",
				);
				GCC_PRECOMPILE_PREFIX_HEADER = YES;
				GCC_PREFIX_HEADER = "MQTTLibTest/MQTTLibTest-Prefix.pch";
				INFOPLIST_FILE = "MQTTLibTestTests/MQTTLibTestTests-Info.plist";
				PRODUCT_NAME = "$(TARGET_NAME)";
				TEST_HOST = "$(BUNDLE_LOADER)";
				WRAPPER_EXTENSION = octest;
			};
			name = Release;
		};
/* End XCBuildConfiguration section */

/* Begin XCConfigurationList section */
		85A82C8A170C18B6008AD870 /* Build configuration list for PBXProject "MQTTLibTest" */ = {
			isa = XCConfigurationList;
			buildConfigurations = (
				85A82CC8170C18B6008AD870 /* Debug */,
				85A82CC9170C18B6008AD870 /* Release */,
			);
			defaultConfigurationIsVisible = 0;
			defaultConfigurationName = Release;
		};
		85A82CCA170C18B6008AD870 /* Build configuration list for PBXNativeTarget "MQTTLibTest" */ = {
			isa = XCConfigurationList;
			buildConfigurations = (
				85A82CCB170C18B6008AD870 /* Debug */,
				85A82CCC170C18B6008AD870 /* Release */,
			);
			defaultConfigurationIsVisible = 0;
			defaultConfigurationName = Release;
		};
		85A82CCD170C18B6008AD870 /* Build configuration list for PBXNativeTarget "MQTTLibTestTests" */ = {
			isa = XCConfigurationList;
			buildConfigurations = (
				85A82CCE170C18B6008AD870 /* Debug */,
				85A82CCF170C18B6008AD870 /* Release */,
			);
			defaultConfigurationIsVisible = 0;
			defaultConfigurationName = Release;
		};
/* End XCConfigurationList section */
	};
	rootObject = 85A82C87170C18B6008AD870 /* Project object */;
}
