// !$*UTF8*$!
{
	archiveVersion = 1;
	classes = {
	};
	objectVersion = 46;
	objects = {

/* Begin PBXBuildFile section */
		8563C0DE170BFB5C0014CACA /* MQttTxFlow.h in Headers */ = {isa = PBXBuildFile; fileRef = 8563C0DC170BFB5C0014CACA /* MQttTxFlow.h */; };
		8563C0DF170BFB5D0014CACA /* MQttTxFlow.m in Sources */ = {isa = PBXBuildFile; fileRef = 8563C0DD170BFB5C0014CACA /* MQttTxFlow.m */; settings = {COMPILER_FLAGS = "-fno-objc-arc"; }; };
		8563C0E5170C0AAF0014CACA /* MQttTxFlow.m in Sources */ = {isa = PBXBuildFile; fileRef = 8563C0DD170BFB5C0014CACA /* MQttTxFlow.m */; settings = {COMPILER_FLAGS = "-fno-objc-arc"; }; };
		8563C0E6170C0AAF0014CACA /* MQTTDecoder.m in Sources */ = {isa = PBXBuildFile; fileRef = F396EB2A1577D9DB006A1D34 /* MQTTDecoder.m */; settings = {COMPILER_FLAGS = "-fno-objc-arc"; }; };
		8563C0E7170C0AAF0014CACA /* MQTTEncoder.m in Sources */ = {isa = PBXBuildFile; fileRef = F396EB2C1577D9DB006A1D34 /* MQTTEncoder.m */; settings = {COMPILER_FLAGS = "-fno-objc-arc"; }; };
		8563C0E8170C0AAF0014CACA /* MQTTMessage.m in Sources */ = {isa = PBXBuildFile; fileRef = F396EB2E1577D9DB006A1D34 /* MQTTMessage.m */; settings = {COMPILER_FLAGS = "-fno-objc-arc"; }; };
		8563C0E9170C0AAF0014CACA /* MQTTSession.m in Sources */ = {isa = PBXBuildFile; fileRef = F396EB301577D9DB006A1D34 /* MQTTSession.m */; settings = {COMPILER_FLAGS = "-fno-objc-arc"; }; };
		F396EB031577D9A4006A1D34 /* Foundation.framework in Frameworks */ = {isa = PBXBuildFile; fileRef = F396EB021577D9A4006A1D34 /* Foundation.framework */; };
		F396EB091577D9A4006A1D34 /* MqttSDK.m in Sources */ = {isa = PBXBuildFile; fileRef = F396EB081577D9A4006A1D34 /* MqttSDK.m */; };
		F396EB111577D9A4006A1D34 /* SenTestingKit.framework in Frameworks */ = {isa = PBXBuildFile; fileRef = F396EB101577D9A4006A1D34 /* SenTestingKit.framework */; };
		F396EB141577D9A4006A1D34 /* Foundation.framework in Frameworks */ = {isa = PBXBuildFile; fileRef = F396EB021577D9A4006A1D34 /* Foundation.framework */; };
		F396EB1D1577D9A4006A1D34 /* InfoPlist.strings in Resources */ = {isa = PBXBuildFile; fileRef = F396EB1B1577D9A4006A1D34 /* InfoPlist.strings */; };
		F396EB201577D9A4006A1D34 /* MqttSDKTests.m in Sources */ = {isa = PBXBuildFile; fileRef = F396EB1F1577D9A4006A1D34 /* MqttSDKTests.m */; };
		F396EB311577D9DB006A1D34 /* MQTTDecoder.h in Headers */ = {isa = PBXBuildFile; fileRef = F396EB291577D9DB006A1D34 /* MQTTDecoder.h */; };
		F396EB321577D9DB006A1D34 /* MQTTDecoder.m in Sources */ = {isa = PBXBuildFile; fileRef = F396EB2A1577D9DB006A1D34 /* MQTTDecoder.m */; settings = {COMPILER_FLAGS = "-fno-objc-arc"; }; };
		F396EB331577D9DB006A1D34 /* MQTTEncoder.h in Headers */ = {isa = PBXBuildFile; fileRef = F396EB2B1577D9DB006A1D34 /* MQTTEncoder.h */; };
		F396EB341577D9DB006A1D34 /* MQTTEncoder.m in Sources */ = {isa = PBXBuildFile; fileRef = F396EB2C1577D9DB006A1D34 /* MQTTEncoder.m */; settings = {COMPILER_FLAGS = "-fno-objc-arc"; }; };
		F396EB351577D9DB006A1D34 /* MQTTMessage.h in Headers */ = {isa = PBXBuildFile; fileRef = F396EB2D1577D9DB006A1D34 /* MQTTMessage.h */; };
		F396EB361577D9DB006A1D34 /* MQTTMessage.m in Sources */ = {isa = PBXBuildFile; fileRef = F396EB2E1577D9DB006A1D34 /* MQTTMessage.m */; settings = {COMPILER_FLAGS = "-fno-objc-arc"; }; };
		F396EB371577D9DB006A1D34 /* MQTTSession.h in Headers */ = {isa = PBXBuildFile; fileRef = F396EB2F1577D9DB006A1D34 /* MQTTSession.h */; };
		F396EB381577D9DB006A1D34 /* MQTTSession.m in Sources */ = {isa = PBXBuildFile; fileRef = F396EB301577D9DB006A1D34 /* MQTTSession.m */; settings = {COMPILER_FLAGS = "-fno-objc-arc"; }; };
/* End PBXBuildFile section */

/* Begin PBXContainerItemProxy section */
		F396EB151577D9A4006A1D34 /* PBXContainerItemProxy */ = {
			isa = PBXContainerItemProxy;
			containerPortal = F396EAF41577D9A4006A1D34 /* Project object */;
			proxyType = 1;
			remoteGlobalIDString = F396EAFE1577D9A4006A1D34;
			remoteInfo = MqttSDK;
		};
/* End PBXContainerItemProxy section */

/* Begin PBXFileReference section */
		8563C0DC170BFB5C0014CACA /* MQttTxFlow.h */ = {isa = PBXFileReference; fileEncoding = 4; lastKnownFileType = sourcecode.c.h; name = MQttTxFlow.h; path = ../MQttTxFlow.h; sourceTree = "<group>"; };
		8563C0DD170BFB5C0014CACA /* MQttTxFlow.m */ = {isa = PBXFileReference; fileEncoding = 4; lastKnownFileType = sourcecode.c.objc; name = MQttTxFlow.m; path = ../MQttTxFlow.m; sourceTree = "<group>"; };
		F396EAFF1577D9A4006A1D34 /* libMqttSDK.a */ = {isa = PBXFileReference; explicitFileType = archive.ar; includeInIndex = 0; path = libMqttSDK.a; sourceTree = BUILT_PRODUCTS_DIR; };
		F396EB021577D9A4006A1D34 /* Foundation.framework */ = {isa = PBXFileReference; lastKnownFileType = wrapper.framework; name = Foundation.framework; path = System/Library/Frameworks/Foundation.framework; sourceTree = SDKROOT; };
		F396EB061577D9A4006A1D34 /* MqttSDK-Prefix.pch */ = {isa = PBXFileReference; lastKnownFileType = sourcecode.c.h; path = "MqttSDK-Prefix.pch"; sourceTree = "<group>"; };
		F396EB071577D9A4006A1D34 /* MqttSDK.h */ = {isa = PBXFileReference; lastKnownFileType = sourcecode.c.h; path = MqttSDK.h; sourceTree = "<group>"; };
		F396EB081577D9A4006A1D34 /* MqttSDK.m */ = {isa = PBXFileReference; lastKnownFileType = sourcecode.c.objc; path = MqttSDK.m; sourceTree = "<group>"; };
		F396EB0F1577D9A4006A1D34 /* MqttSDKTests.octest */ = {isa = PBXFileReference; explicitFileType = wrapper.cfbundle; includeInIndex = 0; path = MqttSDKTests.octest; sourceTree = BUILT_PRODUCTS_DIR; };
		F396EB101577D9A4006A1D34 /* SenTestingKit.framework */ = {isa = PBXFileReference; lastKnownFileType = wrapper.framework; name = SenTestingKit.framework; path = Library/Frameworks/SenTestingKit.framework; sourceTree = DEVELOPER_DIR; };
		F396EB121577D9A4006A1D34 /* UIKit.framework */ = {isa = PBXFileReference; lastKnownFileType = wrapper.framework; name = UIKit.framework; path = Library/Frameworks/UIKit.framework; sourceTree = DEVELOPER_DIR; };
		F396EB1A1577D9A4006A1D34 /* MqttSDKTests-Info.plist */ = {isa = PBXFileReference; lastKnownFileType = text.plist.xml; path = "MqttSDKTests-Info.plist"; sourceTree = "<group>"; };
		F396EB1C1577D9A4006A1D34 /* en */ = {isa = PBXFileReference; lastKnownFileType = text.plist.strings; name = en; path = en.lproj/InfoPlist.strings; sourceTree = "<group>"; };
		F396EB1E1577D9A4006A1D34 /* MqttSDKTests.h */ = {isa = PBXFileReference; lastKnownFileType = sourcecode.c.h; path = MqttSDKTests.h; sourceTree = "<group>"; };
		F396EB1F1577D9A4006A1D34 /* MqttSDKTests.m */ = {isa = PBXFileReference; lastKnownFileType = sourcecode.c.objc; path = MqttSDKTests.m; sourceTree = "<group>"; };
		F396EB291577D9DB006A1D34 /* MQTTDecoder.h */ = {isa = PBXFileReference; fileEncoding = 4; lastKnownFileType = sourcecode.c.h; name = MQTTDecoder.h; path = ../MQTTDecoder.h; sourceTree = "<group>"; };
		F396EB2A1577D9DB006A1D34 /* MQTTDecoder.m */ = {isa = PBXFileReference; fileEncoding = 4; lastKnownFileType = sourcecode.c.objc; name = MQTTDecoder.m; path = ../MQTTDecoder.m; sourceTree = "<group>"; };
		F396EB2B1577D9DB006A1D34 /* MQTTEncoder.h */ = {isa = PBXFileReference; fileEncoding = 4; lastKnownFileType = sourcecode.c.h; name = MQTTEncoder.h; path = ../MQTTEncoder.h; sourceTree = "<group>"; };
		F396EB2C1577D9DB006A1D34 /* MQTTEncoder.m */ = {isa = PBXFileReference; fileEncoding = 4; lastKnownFileType = sourcecode.c.objc; name = MQTTEncoder.m; path = ../MQTTEncoder.m; sourceTree = "<group>"; };
		F396EB2D1577D9DB006A1D34 /* MQTTMessage.h */ = {isa = PBXFileReference; fileEncoding = 4; lastKnownFileType = sourcecode.c.h; name = MQTTMessage.h; path = ../MQTTMessage.h; sourceTree = "<group>"; };
		F396EB2E1577D9DB006A1D34 /* MQTTMessage.m */ = {isa = PBXFileReference; fileEncoding = 4; lastKnownFileType = sourcecode.c.objc; name = MQTTMessage.m; path = ../MQTTMessage.m; sourceTree = "<group>"; };
		F396EB2F1577D9DB006A1D34 /* MQTTSession.h */ = {isa = PBXFileReference; fileEncoding = 4; lastKnownFileType = sourcecode.c.h; name = MQTTSession.h; path = ../MQTTSession.h; sourceTree = "<group>"; };
		F396EB301577D9DB006A1D34 /* MQTTSession.m */ = {isa = PBXFileReference; fileEncoding = 4; lastKnownFileType = sourcecode.c.objc; name = MQTTSession.m; path = ../MQTTSession.m; sourceTree = "<group>"; };
/* End PBXFileReference section */

/* Begin PBXFrameworksBuildPhase section */
		F396EAFB1577D9A4006A1D34 /* Frameworks */ = {
			isa = PBXFrameworksBuildPhase;
			buildActionMask = 2147483647;
			files = (
				F396EB031577D9A4006A1D34 /* Foundation.framework in Frameworks */,
			);
			runOnlyForDeploymentPostprocessing = 0;
		};
		F396EB0B1577D9A4006A1D34 /* Frameworks */ = {
			isa = PBXFrameworksBuildPhase;
			buildActionMask = 2147483647;
			files = (
				F396EB111577D9A4006A1D34 /* SenTestingKit.framework in Frameworks */,
				F396EB141577D9A4006A1D34 /* Foundation.framework in Frameworks */,
			);
			runOnlyForDeploymentPostprocessing = 0;
		};
/* End PBXFrameworksBuildPhase section */

/* Begin PBXGroup section */
		F396EAF21577D9A4006A1D34 = {
			isa = PBXGroup;
			children = (
				F396EB041577D9A4006A1D34 /* MqttSDK */,
				F396EB181577D9A4006A1D34 /* MqttSDKTests */,
				F396EB011577D9A4006A1D34 /* Frameworks */,
				F396EB001577D9A4006A1D34 /* Products */,
			);
			sourceTree = "<group>";
		};
		F396EB001577D9A4006A1D34 /* Products */ = {
			isa = PBXGroup;
			children = (
				F396EAFF1577D9A4006A1D34 /* libMqttSDK.a */,
				F396EB0F1577D9A4006A1D34 /* MqttSDKTests.octest */,
			);
			name = Products;
			sourceTree = "<group>";
		};
		F396EB011577D9A4006A1D34 /* Frameworks */ = {
			isa = PBXGroup;
			children = (
				F396EB021577D9A4006A1D34 /* Foundation.framework */,
				F396EB101577D9A4006A1D34 /* SenTestingKit.framework */,
				F396EB121577D9A4006A1D34 /* UIKit.framework */,
			);
			name = Frameworks;
			sourceTree = "<group>";
		};
		F396EB041577D9A4006A1D34 /* MqttSDK */ = {
			isa = PBXGroup;
			children = (
				8563C0DC170BFB5C0014CACA /* MQttTxFlow.h */,
				8563C0DD170BFB5C0014CACA /* MQttTxFlow.m */,
				F396EB291577D9DB006A1D34 /* MQTTDecoder.h */,
				F396EB2A1577D9DB006A1D34 /* MQTTDecoder.m */,
				F396EB2B1577D9DB006A1D34 /* MQTTEncoder.h */,
				F396EB2C1577D9DB006A1D34 /* MQTTEncoder.m */,
				F396EB2D1577D9DB006A1D34 /* MQTTMessage.h */,
				F396EB2E1577D9DB006A1D34 /* MQTTMessage.m */,
				F396EB2F1577D9DB006A1D34 /* MQTTSession.h */,
				F396EB301577D9DB006A1D34 /* MQTTSession.m */,
				F396EB071577D9A4006A1D34 /* MqttSDK.h */,
				F396EB081577D9A4006A1D34 /* MqttSDK.m */,
				F396EB051577D9A4006A1D34 /* Supporting Files */,
			);
			path = MqttSDK;
			sourceTree = "<group>";
		};
		F396EB051577D9A4006A1D34 /* Supporting Files */ = {
			isa = PBXGroup;
			children = (
				F396EB061577D9A4006A1D34 /* MqttSDK-Prefix.pch */,
			);
			name = "Supporting Files";
			sourceTree = "<group>";
		};
		F396EB181577D9A4006A1D34 /* MqttSDKTests */ = {
			isa = PBXGroup;
			children = (
				F396EB1E1577D9A4006A1D34 /* MqttSDKTests.h */,
				F396EB1F1577D9A4006A1D34 /* MqttSDKTests.m */,
				F396EB191577D9A4006A1D34 /* Supporting Files */,
			);
			path = MqttSDKTests;
			sourceTree = "<group>";
		};
		F396EB191577D9A4006A1D34 /* Supporting Files */ = {
			isa = PBXGroup;
			children = (
				F396EB1A1577D9A4006A1D34 /* MqttSDKTests-Info.plist */,
				F396EB1B1577D9A4006A1D34 /* InfoPlist.strings */,
			);
			name = "Supporting Files";
			sourceTree = "<group>";
		};
/* End PBXGroup section */

/* Begin PBXHeadersBuildPhase section */
		F396EAFC1577D9A4006A1D34 /* Headers */ = {
			isa = PBXHeadersBuildPhase;
			buildActionMask = 2147483647;
			files = (
				F396EB311577D9DB006A1D34 /* MQTTDecoder.h in Headers */,
				F396EB331577D9DB006A1D34 /* MQTTEncoder.h in Headers */,
				F396EB351577D9DB006A1D34 /* MQTTMessage.h in Headers */,
				F396EB371577D9DB006A1D34 /* MQTTSession.h in Headers */,
				8563C0DE170BFB5C0014CACA /* MQttTxFlow.h in Headers */,
			);
			runOnlyForDeploymentPostprocessing = 0;
		};
/* End PBXHeadersBuildPhase section */

/* Begin PBXNativeTarget section */
		F396EAFE1577D9A4006A1D34 /* MqttSDK */ = {
			isa = PBXNativeTarget;
			buildConfigurationList = F396EB231577D9A4006A1D34 /* Build configuration list for PBXNativeTarget "MqttSDK" */;
			buildPhases = (
				F396EAF91577D9A4006A1D34 /* ShellScript */,
				F396EAFA1577D9A4006A1D34 /* Sources */,
				F396EAFB1577D9A4006A1D34 /* Frameworks */,
				F396EAFC1577D9A4006A1D34 /* Headers */,
				F396EAFD1577D9A4006A1D34 /* ShellScript */,
			);
			buildRules = (
			);
			dependencies = (
			);
			name = MqttSDK;
			productName = MqttSDK;
			productReference = F396EAFF1577D9A4006A1D34 /* libMqttSDK.a */;
			productType = "com.apple.product-type.library.static";
		};
		F396EB0E1577D9A4006A1D34 /* MqttSDKTests */ = {
			isa = PBXNativeTarget;
			buildConfigurationList = F396EB261577D9A4006A1D34 /* Build configuration list for PBXNativeTarget "MqttSDKTests" */;
			buildPhases = (
				F396EB0A1577D9A4006A1D34 /* Sources */,
				F396EB0B1577D9A4006A1D34 /* Frameworks */,
				F396EB0C1577D9A4006A1D34 /* Resources */,
				F396EB0D1577D9A4006A1D34 /* ShellScript */,
			);
			buildRules = (
			);
			dependencies = (
				F396EB161577D9A4006A1D34 /* PBXTargetDependency */,
			);
			name = MqttSDKTests;
			productName = MqttSDKTests;
			productReference = F396EB0F1577D9A4006A1D34 /* MqttSDKTests.octest */;
			productType = "com.apple.product-type.bundle";
		};
/* End PBXNativeTarget section */

/* Begin PBXProject section */
		F396EAF41577D9A4006A1D34 /* Project object */ = {
			isa = PBXProject;
			attributes = {
				LastUpgradeCheck = 0430;
			};
			buildConfigurationList = F396EAF71577D9A4006A1D34 /* Build configuration list for PBXProject "MqttSDK" */;
			compatibilityVersion = "Xcode 3.2";
			developmentRegion = English;
			hasScannedForEncodings = 0;
			knownRegions = (
				en,
			);
			mainGroup = F396EAF21577D9A4006A1D34;
			productRefGroup = F396EB001577D9A4006A1D34 /* Products */;
			projectDirPath = "";
			projectRoot = "";
			targets = (
				F396EAFE1577D9A4006A1D34 /* MqttSDK */,
				F396EB0E1577D9A4006A1D34 /* MqttSDKTests */,
			);
		};
/* End PBXProject section */

/* Begin PBXResourcesBuildPhase section */
		F396EB0C1577D9A4006A1D34 /* Resources */ = {
			isa = PBXResourcesBuildPhase;
			buildActionMask = 2147483647;
			files = (
				F396EB1D1577D9A4006A1D34 /* InfoPlist.strings in Resources */,
			);
			runOnlyForDeploymentPostprocessing = 0;
		};
/* End PBXResourcesBuildPhase section */

/* Begin PBXShellScriptBuildPhase section */
		F396EAF91577D9A4006A1D34 /* ShellScript */ = {
			isa = PBXShellScriptBuildPhase;
			buildActionMask = 2147483647;
			files = (
			);
			inputPaths = (
			);
			outputPaths = (
			);
			runOnlyForDeploymentPostprocessing = 0;
			shellPath = /bin/sh;
			shellScript = "set -e\n\nif [ \"$CALLED_FROM_MASTER\" ]\nthen\n# This is the other build, called from the original instance\nexit 0\nfi\n\n# Clean up prior to build\n\nCURRENTCONFIG_DEVICE_DIR=\"${SYMROOT}/${CONFIGURATION}-iphoneos\"\nCURRENTCONFIG_SIMULATOR_DIR=\"${SYMROOT}/${CONFIGURATION}-iphonesimulator\"\nCURRENTCONFIG_UNIVERSAL_DIR=\"${SYMROOT}/${CONFIGURATION}-universal\"\n\nif [ ! -f \"${CURRENTCONFIG_DEVICE_DIR}/${EXECUTABLE_NAME}\" ]; then\n  echo \"Device build cleaned; cleaning other builds too\"\n  rm -f \"${CURRENTCONFIG_SIMULATOR_DIR}/${EXECUTABLE_NAME}\" \n  rm -f \"${CURRENTCONFIG_UNIVERSAL_DIR}/${EXECUTABLE_NAME}\"\nelif [ ! -f \"${CURRENTCONFIG_SIMULATOR_DIR}/${EXECUTABLE_NAME}\" ]; then\n  echo \"Simulator build cleaned; cleaning other builds too\"\n  rm -f \"${CURRENTCONFIG_DEVICE_DIR}/${EXECUTABLE_NAME}\"\n  rm -f \"${CURRENTCONFIG_UNIVERSAL_DIR}/${EXECUTABLE_NAME}\"\nfi\n";
		};
		F396EAFD1577D9A4006A1D34 /* ShellScript */ = {
			isa = PBXShellScriptBuildPhase;
			buildActionMask = 2147483647;
			files = (
			);
			inputPaths = (
			);
			outputPaths = (
			);
			runOnlyForDeploymentPostprocessing = 0;
			shellPath = /bin/sh;
			shellScript = "set -e\n\n#\n# Universal static library script\n# http://github.com/michaeltyson/iOS-Universal-Library-Template\n#\n# Version 2.5\n# \n# Purpose:\n#   Create a static library for iPhone from within XCode\n#\n# Author: Adam Martin - http://twitter.com/redglassesapps\n# Tweaked and made into an Xcode template by Michael Tyson - http://atastypixel.com/blog\n# Based on original script from Eonil\n# More info: see this Stack Overflow question: http://stackoverflow.com/questions/3520977/build-fat-static-library-device-simulator-using-xcode-and-sdk-4\n#\n#################[ Tests: helps workaround any future bugs in Xcode ]########\n#\nDEBUG_THIS_SCRIPT=\"false\"\n\nif [ $DEBUG_THIS_SCRIPT = \"true\" ]\nthen\necho \"########### TESTS #############\"\necho \"Use the following variables when debugging this script; note that they may change on recursions\"\necho \"BUILD_DIR = $BUILD_DIR\"\necho \"BUILD_ROOT = $BUILD_ROOT\"\necho \"CONFIGURATION_BUILD_DIR = $CONFIGURATION_BUILD_DIR\"\necho \"BUILT_PRODUCTS_DIR = $BUILT_PRODUCTS_DIR\"\necho \"CONFIGURATION_TEMP_DIR = $CONFIGURATION_TEMP_DIR\"\necho \"TARGET_BUILD_DIR = $TARGET_BUILD_DIR\"\nfi\n\nif [ \"$CALLED_FROM_MASTER\" ]\nthen\n  # This is the other build, called from the original instance\n  exit 0\nfi\n\n# Find the BASESDK version number\nSDK_VERSION=$(echo ${SDK_NAME} | grep -o '.\\{3\\}$')\n\n# Next, work out if we're in SIM or DEVICE\nif [ ${PLATFORM_NAME} = \"iphonesimulator\" ]\nthen\n    OTHER_SDK_TO_BUILD=iphoneos${SDK_VERSION}\nelse\n    OTHER_SDK_TO_BUILD=iphonesimulator${SDK_VERSION}\nfi\n\necho \"XCode has selected SDK: ${PLATFORM_NAME} with version: ${SDK_VERSION} (although back-targetting: ${IPHONEOS_DEPLOYMENT_TARGET})\"\necho \"...therefore, OTHER_SDK_TO_BUILD = ${OTHER_SDK_TO_BUILD}\"\n\n# Build the other architecture\necho \"xcodebuild -project \\\"${PROJECT_FILE_PATH}\\\" -configuration \\\"${CONFIGURATION}\\\" -target \\\"${TARGET_NAME}\\\" -sdk \\\"${OTHER_SDK_TO_BUILD}\\\" ${ACTION} RUN_CLANG_STATIC_ANALYZER=NO BUILD_DIR=\\\"${BUILD_DIR}\\\" BUILD_ROOT=\\\"${BUILD_ROOT}\\\" CALLED_FROM_MASTER=1\"\nxcodebuild -project \"${PROJECT_FILE_PATH}\" -configuration \"${CONFIGURATION}\" -target \"${TARGET_NAME}\" -sdk \"${OTHER_SDK_TO_BUILD}\" ${ACTION} RUN_CLANG_STATIC_ANALYZER=NO BUILD_DIR=\"${BUILD_DIR}\" BUILD_ROOT=\"${BUILD_ROOT}\" CALLED_FROM_MASTER=1\n\n# Merge built architectures\nCURRENTCONFIG_DEVICE_DIR=\"${SYMROOT}/${CONFIGURATION}-iphoneos\"\nCURRENTCONFIG_SIMULATOR_DIR=\"${SYMROOT}/${CONFIGURATION}-iphonesimulator\"\nCURRENTCONFIG_UNIVERSAL_DIR=\"${SYMROOT}/${CONFIGURATION}-universal\"\n\necho \"Taking device build from: ${CURRENTCONFIG_DEVICE_DIR}\"\necho \"Taking simulator build from: ${CURRENTCONFIG_SIMULATOR_DIR}\"\necho \"...I will output a universal build to: ${CURRENTCONFIG_UNIVERSAL_DIR}\"\n\nif [ ! -e \"${CURRENTCONFIG_UNIVERSAL_DIR}/${EXECUTABLE_NAME}\" -o \\\n        \"${CURRENTCONFIG_DEVICE_DIR}/${EXECUTABLE_NAME}\" -nt \"${CURRENTCONFIG_UNIVERSAL_DIR}/${EXECUTABLE_NAME}\" -o \\\n        \"${CURRENTCONFIG_SIMULATOR_DIR}/${EXECUTABLE_NAME}\" -nt \"${CURRENTCONFIG_UNIVERSAL_DIR}/${EXECUTABLE_NAME}\" ]\nthen\n    mkdir -p \"${CURRENTCONFIG_UNIVERSAL_DIR}\"\n    rm -f \"${CURRENTCONFIG_UNIVERSAL_DIR}/${EXECUTABLE_NAME}\"\n\n    echo \"lipo: for current configuration (${CONFIGURATION}) creating output file: ${CURRENTCONFIG_UNIVERSAL_DIR}/${EXECUTABLE_NAME}\"\n    lipo -create -output \"${CURRENTCONFIG_UNIVERSAL_DIR}/${EXECUTABLE_NAME}\" \"${CURRENTCONFIG_DEVICE_DIR}/${EXECUTABLE_NAME}\" \"${CURRENTCONFIG_SIMULATOR_DIR}/${EXECUTABLE_NAME}\"\n\n    echo \"Copying universal build back over to ${CURRENTCONFIG_DEVICE_DIR} and ${CURRENTCONFIG_SIMULATOR_DIR}\"\n    cp \"${CURRENTCONFIG_UNIVERSAL_DIR}/${EXECUTABLE_NAME}\" \"${CURRENTCONFIG_DEVICE_DIR}/${EXECUTABLE_NAME}\"\n    cp \"${CURRENTCONFIG_UNIVERSAL_DIR}/${EXECUTABLE_NAME}\" \"${CURRENTCONFIG_SIMULATOR_DIR}/${EXECUTABLE_NAME}\"\n    touch \"${CURRENTCONFIG_UNIVERSAL_DIR}/${EXECUTABLE_NAME}\"\n\n    # Also copy public headers\n    if [ -d \"${CURRENTCONFIG_DEVICE_DIR}/${PUBLIC_HEADERS_FOLDER_PATH}\" ]\n    then\n        mkdir -p \"${CURRENTCONFIG_UNIVERSAL_DIR}/${PUBLIC_HEADERS_FOLDER_PATH}\"\n        cp \"${CURRENTCONFIG_DEVICE_DIR}/${PUBLIC_HEADERS_FOLDER_PATH}/\"* \"${CURRENTCONFIG_UNIVERSAL_DIR}/${PUBLIC_HEADERS_FOLDER_PATH}\"\n    fi\nelse\n    echo \"Everything up to date.\"\nfi\n";
		};
		F396EB0D1577D9A4006A1D34 /* ShellScript */ = {
			isa = PBXShellScriptBuildPhase;
			buildActionMask = 2147483647;
			files = (
			);
			inputPaths = (
			);
			outputPaths = (
			);
			runOnlyForDeploymentPostprocessing = 0;
			shellPath = /bin/sh;
			shellScript = "# Run the unit tests in this test bundle.\n\"${SYSTEM_DEVELOPER_DIR}/Tools/RunUnitTests\"\n";
		};
/* End PBXShellScriptBuildPhase section */

/* Begin PBXSourcesBuildPhase section */
		F396EAFA1577D9A4006A1D34 /* Sources */ = {
			isa = PBXSourcesBuildPhase;
			buildActionMask = 2147483647;
			files = (
				F396EB091577D9A4006A1D34 /* MqttSDK.m in Sources */,
				F396EB321577D9DB006A1D34 /* MQTTDecoder.m in Sources */,
				F396EB341577D9DB006A1D34 /* MQTTEncoder.m in Sources */,
				F396EB361577D9DB006A1D34 /* MQTTMessage.m in Sources */,
				F396EB381577D9DB006A1D34 /* MQTTSession.m in Sources */,
				8563C0DF170BFB5D0014CACA /* MQttTxFlow.m in Sources */,
			);
			runOnlyForDeploymentPostprocessing = 0;
		};
		F396EB0A1577D9A4006A1D34 /* Sources */ = {
			isa = PBXSourcesBuildPhase;
			buildActionMask = 2147483647;
			files = (
				8563C0E5170C0AAF0014CACA /* MQttTxFlow.m in Sources */,
				8563C0E6170C0AAF0014CACA /* MQTTDecoder.m in Sources */,
				8563C0E7170C0AAF0014CACA /* MQTTEncoder.m in Sources */,
				8563C0E8170C0AAF0014CACA /* MQTTMessage.m in Sources */,
				8563C0E9170C0AAF0014CACA /* MQTTSession.m in Sources */,
				F396EB201577D9A4006A1D34 /* MqttSDKTests.m in Sources */,
			);
			runOnlyForDeploymentPostprocessing = 0;
		};
/* End PBXSourcesBuildPhase section */

/* Begin PBXTargetDependency section */
		F396EB161577D9A4006A1D34 /* PBXTargetDependency */ = {
			isa = PBXTargetDependency;
			target = F396EAFE1577D9A4006A1D34 /* MqttSDK */;
			targetProxy = F396EB151577D9A4006A1D34 /* PBXContainerItemProxy */;
		};
/* End PBXTargetDependency section */

/* Begin PBXVariantGroup section */
		F396EB1B1577D9A4006A1D34 /* InfoPlist.strings */ = {
			isa = PBXVariantGroup;
			children = (
				F396EB1C1577D9A4006A1D34 /* en */,
			);
			name = InfoPlist.strings;
			sourceTree = "<group>";
		};
/* End PBXVariantGroup section */

/* Begin XCBuildConfiguration section */
		F396EB211577D9A4006A1D34 /* Debug */ = {
			isa = XCBuildConfiguration;
			buildSettings = {
				ALWAYS_SEARCH_USER_PATHS = NO;
				ARCHS = "$(ARCHS_STANDARD_32_BIT)";
				CLANG_ENABLE_OBJC_ARC = YES;
				COPY_PHASE_STRIP = NO;
				GCC_C_LANGUAGE_STANDARD = gnu99;
				GCC_DYNAMIC_NO_PIC = NO;
				GCC_OPTIMIZATION_LEVEL = 0;
				GCC_PREPROCESSOR_DEFINITIONS = (
					"DEBUG=1",
					"$(inherited)",
				);
				GCC_SYMBOLS_PRIVATE_EXTERN = NO;
				GCC_VERSION = com.apple.compilers.llvm.clang.1_0;
				GCC_WARN_ABOUT_RETURN_TYPE = YES;
				GCC_WARN_UNINITIALIZED_AUTOS = YES;
				GCC_WARN_UNUSED_VARIABLE = YES;
				IPHONEOS_DEPLOYMENT_TARGET = 5.1;
				SDKROOT = iphoneos;
				VALID_ARCHS = "armv7 armv7s";
			};
			name = Debug;
		};
		F396EB221577D9A4006A1D34 /* Release */ = {
			isa = XCBuildConfiguration;
			buildSettings = {
				ALWAYS_SEARCH_USER_PATHS = NO;
				ARCHS = "$(ARCHS_STANDARD_32_BIT)";
				CLANG_ENABLE_OBJC_ARC = YES;
				COPY_PHASE_STRIP = YES;
				GCC_C_LANGUAGE_STANDARD = gnu99;
				GCC_VERSION = com.apple.compilers.llvm.clang.1_0;
				GCC_WARN_ABOUT_RETURN_TYPE = YES;
				GCC_WARN_UNINITIALIZED_AUTOS = YES;
				GCC_WARN_UNUSED_VARIABLE = YES;
				IPHONEOS_DEPLOYMENT_TARGET = 5.1;
				SDKROOT = iphoneos;
				VALIDATE_PRODUCT = YES;
				VALID_ARCHS = "armv7 armv7s";
			};
			name = Release;
		};
		F396EB241577D9A4006A1D34 /* Debug */ = {
			isa = XCBuildConfiguration;
			buildSettings = {
				ARCHS = "$(ARCHS_STANDARD_32_BIT)";
				DSTROOT = /tmp/MqttSDK.dst;
				GCC_PRECOMPILE_PREFIX_HEADER = YES;
				GCC_PREFIX_HEADER = "MqttSDK/MqttSDK-Prefix.pch";
				GCC_THUMB_SUPPORT = NO;
				GCC_VERSION = com.apple.compilers.llvm.clang.1_0;
				OTHER_LDFLAGS = "-ObjC";
				PRODUCT_NAME = "$(TARGET_NAME)";
				SKIP_INSTALL = YES;
			};
			name = Debug;
		};
		F396EB251577D9A4006A1D34 /* Release */ = {
			isa = XCBuildConfiguration;
			buildSettings = {
				ARCHS = "$(ARCHS_STANDARD_32_BIT)";
				DSTROOT = /tmp/MqttSDK.dst;
				GCC_PRECOMPILE_PREFIX_HEADER = YES;
				GCC_PREFIX_HEADER = "MqttSDK/MqttSDK-Prefix.pch";
				GCC_THUMB_SUPPORT = NO;
				GCC_VERSION = com.apple.compilers.llvm.clang.1_0;
				OTHER_LDFLAGS = "-ObjC";
				PRODUCT_NAME = "$(TARGET_NAME)";
				SKIP_INSTALL = YES;
			};
			name = Release;
		};
		F396EB271577D9A4006A1D34 /* Debug */ = {
			isa = XCBuildConfiguration;
			buildSettings = {
				FRAMEWORK_SEARCH_PATHS = (
					"$(SDKROOT)/Developer/Library/Frameworks",
					"$(DEVELOPER_LIBRARY_DIR)/Frameworks",
				);
				GCC_PRECOMPILE_PREFIX_HEADER = YES;
				GCC_PREFIX_HEADER = "MqttSDK/MqttSDK-Prefix.pch";
				INFOPLIST_FILE = "MqttSDKTests/MqttSDKTests-Info.plist";
				PRODUCT_NAME = "$(TARGET_NAME)";
				WRAPPER_EXTENSION = octest;
			};
			name = Debug;
		};
		F396EB281577D9A4006A1D34 /* Release */ = {
			isa = XCBuildConfiguration;
			buildSettings = {
				FRAMEWORK_SEARCH_PATHS = (
					"$(SDKROOT)/Developer/Library/Frameworks",
					"$(DEVELOPER_LIBRARY_DIR)/Frameworks",
				);
				GCC_PRECOMPILE_PREFIX_HEADER = YES;
				GCC_PREFIX_HEADER = "MqttSDK/MqttSDK-Prefix.pch";
				INFOPLIST_FILE = "MqttSDKTests/MqttSDKTests-Info.plist";
				PRODUCT_NAME = "$(TARGET_NAME)";
				WRAPPER_EXTENSION = octest;
			};
			name = Release;
		};
/* End XCBuildConfiguration section */

/* Begin XCConfigurationList section */
		F396EAF71577D9A4006A1D34 /* Build configuration list for PBXProject "MqttSDK" */ = {
			isa = XCConfigurationList;
			buildConfigurations = (
				F396EB211577D9A4006A1D34 /* Debug */,
				F396EB221577D9A4006A1D34 /* Release */,
			);
			defaultConfigurationIsVisible = 0;
			defaultConfigurationName = Release;
		};
		F396EB231577D9A4006A1D34 /* Build configuration list for PBXNativeTarget "MqttSDK" */ = {
			isa = XCConfigurationList;
			buildConfigurations = (
				F396EB241577D9A4006A1D34 /* Debug */,
				F396EB251577D9A4006A1D34 /* Release */,
			);
			defaultConfigurationIsVisible = 0;
			defaultConfigurationName = Release;
		};
		F396EB261577D9A4006A1D34 /* Build configuration list for PBXNativeTarget "MqttSDKTests" */ = {
			isa = XCConfigurationList;
			buildConfigurations = (
				F396EB271577D9A4006A1D34 /* Debug */,
				F396EB281577D9A4006A1D34 /* Release */,
			);
			defaultConfigurationIsVisible = 0;
			defaultConfigurationName = Release;
		};
/* End XCConfigurationList section */
	};
	rootObject = F396EAF41577D9A4006A1D34 /* Project object */;
}
